// !$*UTF8*$!
{
	archiveVersion = 1;
	classes = {
	};
	objectVersion = 51;
	objects = {

/* Begin PBXBuildFile section */
		823C337D2774DCAC23A76C1C /* Pods_TZ_App.framework in Frameworks */ = {isa = PBXBuildFile; fileRef = 2F5D13DFD832AC7F746875A8 /* Pods_TZ_App.framework */; };
		8A1B7EB425AE254B00398986 /* AppDelegate.swift in Sources */ = {isa = PBXBuildFile; fileRef = 8A1B7EB325AE254B00398986 /* AppDelegate.swift */; };
		8A1B7EB625AE254B00398986 /* SceneDelegate.swift in Sources */ = {isa = PBXBuildFile; fileRef = 8A1B7EB525AE254B00398986 /* SceneDelegate.swift */; };
		8A1B7EBB25AE254B00398986 /* Main.storyboard in Resources */ = {isa = PBXBuildFile; fileRef = 8A1B7EB925AE254B00398986 /* Main.storyboard */; };
		8A1B7EBD25AE254D00398986 /* Assets.xcassets in Resources */ = {isa = PBXBuildFile; fileRef = 8A1B7EBC25AE254D00398986 /* Assets.xcassets */; };
		8A1B7EC025AE254D00398986 /* LaunchScreen.storyboard in Resources */ = {isa = PBXBuildFile; fileRef = 8A1B7EBE25AE254D00398986 /* LaunchScreen.storyboard */; };
		8A1B7EE325AE2C9A00398986 /* ForecastModel.swift in Sources */ = {isa = PBXBuildFile; fileRef = 8A1B7EE225AE2C9A00398986 /* ForecastModel.swift */; };
		8A1B7EE725AE37D300398986 /* MainViewController.swift in Sources */ = {isa = PBXBuildFile; fileRef = 8A1B7EE625AE37D300398986 /* MainViewController.swift */; };
		8A1B7EEA25AE382600398986 /* MainViewModel.swift in Sources */ = {isa = PBXBuildFile; fileRef = 8A1B7EE925AE382600398986 /* MainViewModel.swift */; };
		8A1B7EED25AEF0FA00398986 /* NetworkLoader.swift in Sources */ = {isa = PBXBuildFile; fileRef = 8A1B7EEC25AEF0FA00398986 /* NetworkLoader.swift */; };
		8A1B7EF025AEF62700398986 /* CacheManager.swift in Sources */ = {isa = PBXBuildFile; fileRef = 8A1B7EEF25AEF62700398986 /* CacheManager.swift */; };
		8A1B7EF425AEFEEE00398986 /* Extension + Date.swift in Sources */ = {isa = PBXBuildFile; fileRef = 8A1B7EF325AEFEEE00398986 /* Extension + Date.swift */; };
		8A1B7EF725AEFF0500398986 /* Extension + UIImage.swift in Sources */ = {isa = PBXBuildFile; fileRef = 8A1B7EF625AEFF0500398986 /* Extension + UIImage.swift */; };
		8A1B7EFA25AF11C800398986 /* ForecastCell.swift in Sources */ = {isa = PBXBuildFile; fileRef = 8A1B7EF925AF11C800398986 /* ForecastCell.swift */; };
/* End PBXBuildFile section */

/* Begin PBXFileReference section */
		2F5D13DFD832AC7F746875A8 /* Pods_TZ_App.framework */ = {isa = PBXFileReference; explicitFileType = wrapper.framework; includeInIndex = 0; path = Pods_TZ_App.framework; sourceTree = BUILT_PRODUCTS_DIR; };
		4E6452A893B2576E4431CE74 /* Pods-TZ_App.release.xcconfig */ = {isa = PBXFileReference; includeInIndex = 1; lastKnownFileType = text.xcconfig; name = "Pods-TZ_App.release.xcconfig"; path = "Target Support Files/Pods-TZ_App/Pods-TZ_App.release.xcconfig"; sourceTree = "<group>"; };
		8A1B7EB025AE254B00398986 /* TZ_App.app */ = {isa = PBXFileReference; explicitFileType = wrapper.application; includeInIndex = 0; path = TZ_App.app; sourceTree = BUILT_PRODUCTS_DIR; };
		8A1B7EB325AE254B00398986 /* AppDelegate.swift */ = {isa = PBXFileReference; lastKnownFileType = sourcecode.swift; path = AppDelegate.swift; sourceTree = "<group>"; };
		8A1B7EB525AE254B00398986 /* SceneDelegate.swift */ = {isa = PBXFileReference; lastKnownFileType = sourcecode.swift; path = SceneDelegate.swift; sourceTree = "<group>"; };
		8A1B7EBA25AE254B00398986 /* Base */ = {isa = PBXFileReference; lastKnownFileType = file.storyboard; name = Base; path = Base.lproj/Main.storyboard; sourceTree = "<group>"; };
		8A1B7EBC25AE254D00398986 /* Assets.xcassets */ = {isa = PBXFileReference; lastKnownFileType = folder.assetcatalog; path = Assets.xcassets; sourceTree = "<group>"; };
		8A1B7EBF25AE254D00398986 /* Base */ = {isa = PBXFileReference; lastKnownFileType = file.storyboard; name = Base; path = Base.lproj/LaunchScreen.storyboard; sourceTree = "<group>"; };
		8A1B7EC125AE254D00398986 /* Info.plist */ = {isa = PBXFileReference; lastKnownFileType = text.plist.xml; path = Info.plist; sourceTree = "<group>"; };
		8A1B7EE225AE2C9A00398986 /* ForecastModel.swift */ = {isa = PBXFileReference; lastKnownFileType = sourcecode.swift; path = ForecastModel.swift; sourceTree = "<group>"; };
		8A1B7EE625AE37D300398986 /* MainViewController.swift */ = {isa = PBXFileReference; lastKnownFileType = sourcecode.swift; path = MainViewController.swift; sourceTree = "<group>"; };
		8A1B7EE925AE382600398986 /* MainViewModel.swift */ = {isa = PBXFileReference; lastKnownFileType = sourcecode.swift; path = MainViewModel.swift; sourceTree = "<group>"; };
		8A1B7EEC25AEF0FA00398986 /* NetworkLoader.swift */ = {isa = PBXFileReference; lastKnownFileType = sourcecode.swift; path = NetworkLoader.swift; sourceTree = "<group>"; };
		8A1B7EEF25AEF62700398986 /* CacheManager.swift */ = {isa = PBXFileReference; lastKnownFileType = sourcecode.swift; path = CacheManager.swift; sourceTree = "<group>"; };
		8A1B7EF325AEFEEE00398986 /* Extension + Date.swift */ = {isa = PBXFileReference; lastKnownFileType = sourcecode.swift; path = "Extension + Date.swift"; sourceTree = "<group>"; };
		8A1B7EF625AEFF0500398986 /* Extension + UIImage.swift */ = {isa = PBXFileReference; lastKnownFileType = sourcecode.swift; path = "Extension + UIImage.swift"; sourceTree = "<group>"; };
		8A1B7EF925AF11C800398986 /* ForecastCell.swift */ = {isa = PBXFileReference; lastKnownFileType = sourcecode.swift; path = ForecastCell.swift; sourceTree = "<group>"; };
		9C10B8952F2FEB28C9722945 /* Pods-TZ_App.debug.xcconfig */ = {isa = PBXFileReference; includeInIndex = 1; lastKnownFileType = text.xcconfig; name = "Pods-TZ_App.debug.xcconfig"; path = "Target Support Files/Pods-TZ_App/Pods-TZ_App.debug.xcconfig"; sourceTree = "<group>"; };
/* End PBXFileReference section */

/* Begin PBXFrameworksBuildPhase section */
		8A1B7EAD25AE254B00398986 /* Frameworks */ = {
			isa = PBXFrameworksBuildPhase;
			buildActionMask = 2147483647;
			files = (
				823C337D2774DCAC23A76C1C /* Pods_TZ_App.framework in Frameworks */,
			);
			runOnlyForDeploymentPostprocessing = 0;
		};
/* End PBXFrameworksBuildPhase section */

/* Begin PBXGroup section */
		597BA705BA0ADE23BE16ECA5 /* Pods */ = {
			isa = PBXGroup;
			children = (
				9C10B8952F2FEB28C9722945 /* Pods-TZ_App.debug.xcconfig */,
				4E6452A893B2576E4431CE74 /* Pods-TZ_App.release.xcconfig */,
			);
			path = Pods;
			sourceTree = "<group>";
		};
		8A1B7EA725AE254B00398986 = {
			isa = PBXGroup;
			children = (
				8A1B7EB225AE254B00398986 /* TZ_App */,
				8A1B7EB125AE254B00398986 /* Products */,
				597BA705BA0ADE23BE16ECA5 /* Pods */,
				904AA6542DF8ABB04F9015B8 /* Frameworks */,
			);
			sourceTree = "<group>";
		};
		8A1B7EB125AE254B00398986 /* Products */ = {
			isa = PBXGroup;
			children = (
				8A1B7EB025AE254B00398986 /* TZ_App.app */,
			);
			name = Products;
			sourceTree = "<group>";
		};
		8A1B7EB225AE254B00398986 /* TZ_App */ = {
			isa = PBXGroup;
			children = (
				8A1B7EF225AEFED900398986 /* View */,
				8A1B7EE125AE2C3900398986 /* Services */,
				8A1B7EE025AE2C3100398986 /* ViewModel */,
				8A1B7EDF25AE2C2700398986 /* Model */,
				8A1B7EDE25AE2C1900398986 /* Controller */,
				8A1B7EB325AE254B00398986 /* AppDelegate.swift */,
				8A1B7EB525AE254B00398986 /* SceneDelegate.swift */,
				8A1B7EB925AE254B00398986 /* Main.storyboard */,
				8A1B7EBC25AE254D00398986 /* Assets.xcassets */,
				8A1B7EBE25AE254D00398986 /* LaunchScreen.storyboard */,
				8A1B7EC125AE254D00398986 /* Info.plist */,
			);
			path = TZ_App;
			sourceTree = "<group>";
		};
		8A1B7EDE25AE2C1900398986 /* Controller */ = {
			isa = PBXGroup;
			children = (
				8A1B7EE625AE37D300398986 /* MainViewController.swift */,
			);
			path = Controller;
			sourceTree = "<group>";
		};
		8A1B7EDF25AE2C2700398986 /* Model */ = {
			isa = PBXGroup;
			children = (
				8A1B7EE225AE2C9A00398986 /* ForecastModel.swift */,
			);
			path = Model;
			sourceTree = "<group>";
		};
		8A1B7EE025AE2C3100398986 /* ViewModel */ = {
			isa = PBXGroup;
			children = (
				8A1B7EE925AE382600398986 /* MainViewModel.swift */,
			);
			path = ViewModel;
			sourceTree = "<group>";
		};
		8A1B7EE125AE2C3900398986 /* Services */ = {
			isa = PBXGroup;
			children = (
				8A1B7EEC25AEF0FA00398986 /* NetworkLoader.swift */,
				8A1B7EEF25AEF62700398986 /* CacheManager.swift */,
			);
			path = Services;
			sourceTree = "<group>";
		};
		8A1B7EF225AEFED900398986 /* View */ = {
			isa = PBXGroup;
			children = (
				8A1B7EF325AEFEEE00398986 /* Extension + Date.swift */,
				8A1B7EF625AEFF0500398986 /* Extension + UIImage.swift */,
				8A1B7EF925AF11C800398986 /* ForecastCell.swift */,
			);
			path = View;
			sourceTree = "<group>";
		};
		904AA6542DF8ABB04F9015B8 /* Frameworks */ = {
			isa = PBXGroup;
			children = (
				2F5D13DFD832AC7F746875A8 /* Pods_TZ_App.framework */,
			);
			name = Frameworks;
			sourceTree = "<group>";
		};
/* End PBXGroup section */

/* Begin PBXNativeTarget section */
		8A1B7EAF25AE254B00398986 /* TZ_App */ = {
			isa = PBXNativeTarget;
			buildConfigurationList = 8A1B7EC425AE254D00398986 /* Build configuration list for PBXNativeTarget "TZ_App" */;
			buildPhases = (
				D17431D5066135BC6122B693 /* [CP] Check Pods Manifest.lock */,
				8A1B7EAC25AE254B00398986 /* Sources */,
				8A1B7EAD25AE254B00398986 /* Frameworks */,
				8A1B7EAE25AE254B00398986 /* Resources */,
				8292EBBC27A641584AE62C7F /* [CP] Embed Pods Frameworks */,
			);
			buildRules = (
			);
			dependencies = (
			);
			name = TZ_App;
			productName = TZ_App;
			productReference = 8A1B7EB025AE254B00398986 /* TZ_App.app */;
			productType = "com.apple.product-type.application";
		};
/* End PBXNativeTarget section */

/* Begin PBXProject section */
		8A1B7EA825AE254B00398986 /* Project object */ = {
			isa = PBXProject;
			attributes = {
				LastSwiftUpdateCheck = 1220;
				LastUpgradeCheck = 1220;
				TargetAttributes = {
					8A1B7EAF25AE254B00398986 = {
						CreatedOnToolsVersion = 12.2;
					};
				};
			};
			buildConfigurationList = 8A1B7EAB25AE254B00398986 /* Build configuration list for PBXProject "TZ_App" */;
			compatibilityVersion = "Xcode 9.3";
			developmentRegion = en;
			hasScannedForEncodings = 0;
			knownRegions = (
				en,
				Base,
			);
			mainGroup = 8A1B7EA725AE254B00398986;
			productRefGroup = 8A1B7EB125AE254B00398986 /* Products */;
			projectDirPath = "";
			projectRoot = "";
			targets = (
				8A1B7EAF25AE254B00398986 /* TZ_App */,
			);
		};
/* End PBXProject section */

/* Begin PBXResourcesBuildPhase section */
		8A1B7EAE25AE254B00398986 /* Resources */ = {
			isa = PBXResourcesBuildPhase;
			buildActionMask = 2147483647;
			files = (
				8A1B7EC025AE254D00398986 /* LaunchScreen.storyboard in Resources */,
				8A1B7EBD25AE254D00398986 /* Assets.xcassets in Resources */,
				8A1B7EBB25AE254B00398986 /* Main.storyboard in Resources */,
			);
			runOnlyForDeploymentPostprocessing = 0;
		};
/* End PBXResourcesBuildPhase section */

/* Begin PBXShellScriptBuildPhase section */
		8292EBBC27A641584AE62C7F /* [CP] Embed Pods Frameworks */ = {
			isa = PBXShellScriptBuildPhase;
			buildActionMask = 2147483647;
			files = (
			);
			inputFileListPaths = (
				"${PODS_ROOT}/Target Support Files/Pods-TZ_App/Pods-TZ_App-frameworks-${CONFIGURATION}-input-files.xcfilelist",
			);
			name = "[CP] Embed Pods Frameworks";
			outputFileListPaths = (
				"${PODS_ROOT}/Target Support Files/Pods-TZ_App/Pods-TZ_App-frameworks-${CONFIGURATION}-output-files.xcfilelist",
			);
			runOnlyForDeploymentPostprocessing = 0;
			shellPath = /bin/sh;
			shellScript = "\"${PODS_ROOT}/Target Support Files/Pods-TZ_App/Pods-TZ_App-frameworks.sh\"\n";
			showEnvVarsInLog = 0;
		};
		D17431D5066135BC6122B693 /* [CP] Check Pods Manifest.lock */ = {
			isa = PBXShellScriptBuildPhase;
			buildActionMask = 2147483647;
			files = (
			);
			inputFileListPaths = (
			);
			inputPaths = (
				"${PODS_PODFILE_DIR_PATH}/Podfile.lock",
				"${PODS_ROOT}/Manifest.lock",
			);
			name = "[CP] Check Pods Manifest.lock";
			outputFileListPaths = (
			);
			outputPaths = (
				"$(DERIVED_FILE_DIR)/Pods-TZ_App-checkManifestLockResult.txt",
			);
			runOnlyForDeploymentPostprocessing = 0;
			shellPath = /bin/sh;
			shellScript = "diff \"${PODS_PODFILE_DIR_PATH}/Podfile.lock\" \"${PODS_ROOT}/Manifest.lock\" > /dev/null\nif [ $? != 0 ] ; then\n    # print error to STDERR\n    echo \"error: The sandbox is not in sync with the Podfile.lock. Run 'pod install' or update your CocoaPods installation.\" >&2\n    exit 1\nfi\n# This output is used by Xcode 'outputs' to avoid re-running this script phase.\necho \"SUCCESS\" > \"${SCRIPT_OUTPUT_FILE_0}\"\n";
			showEnvVarsInLog = 0;
		};
/* End PBXShellScriptBuildPhase section */

/* Begin PBXSourcesBuildPhase section */
		8A1B7EAC25AE254B00398986 /* Sources */ = {
			isa = PBXSourcesBuildPhase;
			buildActionMask = 2147483647;
			files = (
				8A1B7EFA25AF11C800398986 /* ForecastCell.swift in Sources */,
				8A1B7EF725AEFF0500398986 /* Extension + UIImage.swift in Sources */,
				8A1B7EEA25AE382600398986 /* MainViewModel.swift in Sources */,
				8A1B7EED25AEF0FA00398986 /* NetworkLoader.swift in Sources */,
				8A1B7EB425AE254B00398986 /* AppDelegate.swift in Sources */,
				8A1B7EE325AE2C9A00398986 /* ForecastModel.swift in Sources */,
				8A1B7EB625AE254B00398986 /* SceneDelegate.swift in Sources */,
				8A1B7EE725AE37D300398986 /* MainViewController.swift in Sources */,
				8A1B7EF025AEF62700398986 /* CacheManager.swift in Sources */,
				8A1B7EF425AEFEEE00398986 /* Extension + Date.swift in Sources */,
			);
			runOnlyForDeploymentPostprocessing = 0;
		};
/* End PBXSourcesBuildPhase section */

/* Begin PBXVariantGroup section */
		8A1B7EB925AE254B00398986 /* Main.storyboard */ = {
			isa = PBXVariantGroup;
			children = (
				8A1B7EBA25AE254B00398986 /* Base */,
			);
			name = Main.storyboard;
			sourceTree = "<group>";
		};
		8A1B7EBE25AE254D00398986 /* LaunchScreen.storyboard */ = {
			isa = PBXVariantGroup;
			children = (
				8A1B7EBF25AE254D00398986 /* Base */,
			);
			name = LaunchScreen.storyboard;
			sourceTree = "<group>";
		};
/* End PBXVariantGroup section */

/* Begin XCBuildConfiguration section */
		8A1B7EC225AE254D00398986 /* Debug */ = {
			isa = XCBuildConfiguration;
			buildSettings = {
				ALWAYS_SEARCH_USER_PATHS = NO;
				CLANG_ANALYZER_NONNULL = YES;
				CLANG_ANALYZER_NUMBER_OBJECT_CONVERSION = YES_AGGRESSIVE;
				CLANG_CXX_LANGUAGE_STANDARD = "gnu++14";
				CLANG_CXX_LIBRARY = "libc++";
				CLANG_ENABLE_MODULES = YES;
				CLANG_ENABLE_OBJC_ARC = YES;
				CLANG_ENABLE_OBJC_WEAK = YES;
				CLANG_WARN_BLOCK_CAPTURE_AUTORELEASING = YES;
				CLANG_WARN_BOOL_CONVERSION = YES;
				CLANG_WARN_COMMA = YES;
				CLANG_WARN_CONSTANT_CONVERSION = YES;
				CLANG_WARN_DEPRECATED_OBJC_IMPLEMENTATIONS = YES;
				CLANG_WARN_DIRECT_OBJC_ISA_USAGE = YES_ERROR;
				CLANG_WARN_DOCUMENTATION_COMMENTS = YES;
				CLANG_WARN_EMPTY_BODY = YES;
				CLANG_WARN_ENUM_CONVERSION = YES;
				CLANG_WARN_INFINITE_RECURSION = YES;
				CLANG_WARN_INT_CONVERSION = YES;
				CLANG_WARN_NON_LITERAL_NULL_CONVERSION = YES;
				CLANG_WARN_OBJC_IMPLICIT_RETAIN_SELF = YES;
				CLANG_WARN_OBJC_LITERAL_CONVERSION = YES;
				CLANG_WARN_OBJC_ROOT_CLASS = YES_ERROR;
				CLANG_WARN_QUOTED_INCLUDE_IN_FRAMEWORK_HEADER = YES;
				CLANG_WARN_RANGE_LOOP_ANALYSIS = YES;
				CLANG_WARN_STRICT_PROTOTYPES = YES;
				CLANG_WARN_SUSPICIOUS_MOVE = YES;
				CLANG_WARN_UNGUARDED_AVAILABILITY = YES_AGGRESSIVE;
				CLANG_WARN_UNREACHABLE_CODE = YES;
				CLANG_WARN__DUPLICATE_METHOD_MATCH = YES;
				COPY_PHASE_STRIP = NO;
				DEBUG_INFORMATION_FORMAT = dwarf;
				ENABLE_STRICT_OBJC_MSGSEND = YES;
				ENABLE_TESTABILITY = YES;
				GCC_C_LANGUAGE_STANDARD = gnu11;
				GCC_DYNAMIC_NO_PIC = NO;
				GCC_NO_COMMON_BLOCKS = YES;
				GCC_OPTIMIZATION_LEVEL = 0;
				GCC_PREPROCESSOR_DEFINITIONS = (
					"DEBUG=1",
					"$(inherited)",
				);
				GCC_WARN_64_TO_32_BIT_CONVERSION = YES;
				GCC_WARN_ABOUT_RETURN_TYPE = YES_ERROR;
				GCC_WARN_UNDECLARED_SELECTOR = YES;
				GCC_WARN_UNINITIALIZED_AUTOS = YES_AGGRESSIVE;
				GCC_WARN_UNUSED_FUNCTION = YES;
				GCC_WARN_UNUSED_VARIABLE = YES;
				IPHONEOS_DEPLOYMENT_TARGET = 14.2;
				MTL_ENABLE_DEBUG_INFO = INCLUDE_SOURCE;
				MTL_FAST_MATH = YES;
				ONLY_ACTIVE_ARCH = YES;
				SDKROOT = iphoneos;
				SWIFT_ACTIVE_COMPILATION_CONDITIONS = DEBUG;
				SWIFT_OPTIMIZATION_LEVEL = "-Onone";
			};
			name = Debug;
		};
		8A1B7EC325AE254D00398986 /* Release */ = {
			isa = XCBuildConfiguration;
			buildSettings = {
				ALWAYS_SEARCH_USER_PATHS = NO;
				CLANG_ANALYZER_NONNULL = YES;
				CLANG_ANALYZER_NUMBER_OBJECT_CONVERSION = YES_AGGRESSIVE;
				CLANG_CXX_LANGUAGE_STANDARD = "gnu++14";
				CLANG_CXX_LIBRARY = "libc++";
				CLANG_ENABLE_MODULES = YES;
				CLANG_ENABLE_OBJC_ARC = YES;
				CLANG_ENABLE_OBJC_WEAK = YES;
				CLANG_WARN_BLOCK_CAPTURE_AUTORELEASING = YES;
				CLANG_WARN_BOOL_CONVERSION = YES;
				CLANG_WARN_COMMA = YES;
				CLANG_WARN_CONSTANT_CONVERSION = YES;
				CLANG_WARN_DEPRECATED_OBJC_IMPLEMENTATIONS = YES;
				CLANG_WARN_DIRECT_OBJC_ISA_USAGE = YES_ERROR;
				CLANG_WARN_DOCUMENTATION_COMMENTS = YES;
				CLANG_WARN_EMPTY_BODY = YES;
				CLANG_WARN_ENUM_CONVERSION = YES;
				CLANG_WARN_INFINITE_RECURSION = YES;
				CLANG_WARN_INT_CONVERSION = YES;
				CLANG_WARN_NON_LITERAL_NULL_CONVERSION = YES;
				CLANG_WARN_OBJC_IMPLICIT_RETAIN_SELF = YES;
				CLANG_WARN_OBJC_LITERAL_CONVERSION = YES;
				CLANG_WARN_OBJC_ROOT_CLASS = YES_ERROR;
				CLANG_WARN_QUOTED_INCLUDE_IN_FRAMEWORK_HEADER = YES;
				CLANG_WARN_RANGE_LOOP_ANALYSIS = YES;
				CLANG_WARN_STRICT_PROTOTYPES = YES;
				CLANG_WARN_SUSPICIOUS_MOVE = YES;
				CLANG_WARN_UNGUARDED_AVAILABILITY = YES_AGGRESSIVE;
				CLANG_WARN_UNREACHABLE_CODE = YES;
				CLANG_WARN__DUPLICATE_METHOD_MATCH = YES;
				COPY_PHASE_STRIP = NO;
				DEBUG_INFORMATION_FORMAT = "dwarf-with-dsym";
				ENABLE_NS_ASSERTIONS = NO;
				ENABLE_STRICT_OBJC_MSGSEND = YES;
				GCC_C_LANGUAGE_STANDARD = gnu11;
				GCC_NO_COMMON_BLOCKS = YES;
				GCC_WARN_64_TO_32_BIT_CONVERSION = YES;
				GCC_WARN_ABOUT_RETURN_TYPE = YES_ERROR;
				GCC_WARN_UNDECLARED_SELECTOR = YES;
				GCC_WARN_UNINITIALIZED_AUTOS = YES_AGGRESSIVE;
				GCC_WARN_UNUSED_FUNCTION = YES;
				GCC_WARN_UNUSED_VARIABLE = YES;
				IPHONEOS_DEPLOYMENT_TARGET = 14.2;
				MTL_ENABLE_DEBUG_INFO = NO;
				MTL_FAST_MATH = YES;
				SDKROOT = iphoneos;
				SWIFT_COMPILATION_MODE = wholemodule;
				SWIFT_OPTIMIZATION_LEVEL = "-O";
				VALIDATE_PRODUCT = YES;
			};
			name = Release;
		};
		8A1B7EC525AE254D00398986 /* Debug */ = {
			isa = XCBuildConfiguration;
			baseConfigurationReference = 9C10B8952F2FEB28C9722945 /* Pods-TZ_App.debug.xcconfig */;
			buildSettings = {
				ASSETCATALOG_COMPILER_APPICON_NAME = AppIcon;
				ASSETCATALOG_COMPILER_GLOBAL_ACCENT_COLOR_NAME = AccentColor;
				CODE_SIGN_STYLE = Automatic;
				DEVELOPMENT_TEAM = ZLUJB55ZNH;
				INFOPLIST_FILE = TZ_App/Info.plist;
				LD_RUNPATH_SEARCH_PATHS = (
					"$(inherited)",
					"@executable_path/Frameworks",
				);
				PRODUCT_BUNDLE_IDENTIFIER = "com.mpexe.TZ-App";
				PRODUCT_NAME = "$(TARGET_NAME)";
				SWIFT_VERSION = 5.0;
				TARGETED_DEVICE_FAMILY = "1,2";
			};
			name = Debug;
		};
		8A1B7EC625AE254D00398986 /* Release */ = {
			isa = XCBuildConfiguration;
			baseConfigurationReference = 4E6452A893B2576E4431CE74 /* Pods-TZ_App.release.xcconfig */;
			buildSettings = {
				ASSETCATALOG_COMPILER_APPICON_NAME = AppIcon;
				ASSETCATALOG_COMPILER_GLOBAL_ACCENT_COLOR_NAME = AccentColor;
				CODE_SIGN_STYLE = Automatic;
				DEVELOPMENT_TEAM = ZLUJB55ZNH;
				INFOPLIST_FILE = TZ_App/Info.plist;
				LD_RUNPATH_SEARCH_PATHS = (
					"$(inherited)",
					"@executable_path/Frameworks",
				);
				PRODUCT_BUNDLE_IDENTIFIER = "com.mpexe.TZ-App";
				PRODUCT_NAME = "$(TARGET_NAME)";
				SWIFT_VERSION = 5.0;
				TARGETED_DEVICE_FAMILY = "1,2";
			};
			name = Release;
		};
/* End XCBuildConfiguration section */

/* Begin XCConfigurationList section */
		8A1B7EAB25AE254B00398986 /* Build configuration list for PBXProject "TZ_App" */ = {
			isa = XCConfigurationList;
			buildConfigurations = (
				8A1B7EC225AE254D00398986 /* Debug */,
				8A1B7EC325AE254D00398986 /* Release */,
			);
			defaultConfigurationIsVisible = 0;
			defaultConfigurationName = Release;
		};
		8A1B7EC425AE254D00398986 /* Build configuration list for PBXNativeTarget "TZ_App" */ = {
			isa = XCConfigurationList;
			buildConfigurations = (
				8A1B7EC525AE254D00398986 /* Debug */,
				8A1B7EC625AE254D00398986 /* Release */,
			);
			defaultConfigurationIsVisible = 0;
			defaultConfigurationName = Release;
		};
/* End XCConfigurationList section */
	};
	rootObject = 8A1B7EA825AE254B00398986 /* Project object */;
}
